// !$*UTF8*$!
{
	archiveVersion = 1;
	classes = {
	};
	objectVersion = 46;
	objects = {

/* Begin PBXBuildFile section */
		6917E0551C8D10190071D2B6 /* AppDelegate.swift in Sources */ = {isa = PBXBuildFile; fileRef = 6917E0541C8D10190071D2B6 /* AppDelegate.swift */; };
		6917E0571C8D10190071D2B6 /* LoginViewController.swift in Sources */ = {isa = PBXBuildFile; fileRef = 6917E0561C8D10190071D2B6 /* LoginViewController.swift */; };
		6917E05A1C8D10190071D2B6 /* Main.storyboard in Resources */ = {isa = PBXBuildFile; fileRef = 6917E0581C8D10190071D2B6 /* Main.storyboard */; };
		6917E05C1C8D10190071D2B6 /* Assets.xcassets in Resources */ = {isa = PBXBuildFile; fileRef = 6917E05B1C8D10190071D2B6 /* Assets.xcassets */; };
		6917E05F1C8D10190071D2B6 /* LaunchScreen.storyboard in Resources */ = {isa = PBXBuildFile; fileRef = 6917E05D1C8D10190071D2B6 /* LaunchScreen.storyboard */; };
		6917E0771C8D21290071D2B6 /* FBSDKCoreKit.framework in Frameworks */ = {isa = PBXBuildFile; fileRef = 6917E0741C8D21290071D2B6 /* FBSDKCoreKit.framework */; };
		6917E0781C8D21290071D2B6 /* FBSDKLoginKit.framework in Frameworks */ = {isa = PBXBuildFile; fileRef = 6917E0751C8D21290071D2B6 /* FBSDKLoginKit.framework */; };
		6917E0791C8D21290071D2B6 /* FBSDKShareKit.framework in Frameworks */ = {isa = PBXBuildFile; fileRef = 6917E0761C8D21290071D2B6 /* FBSDKShareKit.framework */; };
		6973165A1C925B6800F33EFE /* CreateFavorViewController.swift in Sources */ = {isa = PBXBuildFile; fileRef = 697316591C925B6800F33EFE /* CreateFavorViewController.swift */; };
		699A58E81CBF1DE000D2F514 /* MyOpenFavorsViewController.swift in Sources */ = {isa = PBXBuildFile; fileRef = 699A58E71CBF1DE000D2F514 /* MyOpenFavorsViewController.swift */; };
		69AEB9531C8FAA5A00473B32 /* DashboardViewController.swift in Sources */ = {isa = PBXBuildFile; fileRef = 69AEB9521C8FAA5A00473B32 /* DashboardViewController.swift */; };
		69E435B21CC053E300467635 /* Favor.swift in Sources */ = {isa = PBXBuildFile; fileRef = 69E435B11CC053E300467635 /* Favor.swift */; };
		69E435B61CC1A8D900467635 /* browseTabBarIconImage.png in Resources */ = {isa = PBXBuildFile; fileRef = 69E435B51CC1A8D900467635 /* browseTabBarIconImage.png */; };
		69E435B81CC1A98900467635 /* myOpenFavorsTabBarIconImage.png in Resources */ = {isa = PBXBuildFile; fileRef = 69E435B71CC1A98900467635 /* myOpenFavorsTabBarIconImage.png */; };
		69E435BA1CC1AA8F00467635 /* myRequestedFavorsTabBarIconImage.png in Resources */ = {isa = PBXBuildFile; fileRef = 69E435B91CC1AA8F00467635 /* myRequestedFavorsTabBarIconImage.png */; };
		69E435C11CC1ACA100467635 /* myAcceptedFavorsTabBarIconImage.png in Resources */ = {isa = PBXBuildFile; fileRef = 69E435BC1CC1ACA100467635 /* myAcceptedFavorsTabBarIconImage.png */; };
		CEF9C0A8D66B792EC10807DC /* Pods_Favor.framework in Frameworks */ = {isa = PBXBuildFile; fileRef = F844684EB1203DEDF934E2BC /* Pods_Favor.framework */; };
/* End PBXBuildFile section */

/* Begin PBXFileReference section */
		30A2E65CF968B948F9B68705 /* Pods-Favor.release.xcconfig */ = {isa = PBXFileReference; includeInIndex = 1; lastKnownFileType = text.xcconfig; name = "Pods-Favor.release.xcconfig"; path = "Pods/Target Support Files/Pods-Favor/Pods-Favor.release.xcconfig"; sourceTree = "<group>"; };
		6917E0511C8D10190071D2B6 /* Favor.app */ = {isa = PBXFileReference; explicitFileType = wrapper.application; includeInIndex = 0; path = Favor.app; sourceTree = BUILT_PRODUCTS_DIR; };
		6917E0541C8D10190071D2B6 /* AppDelegate.swift */ = {isa = PBXFileReference; lastKnownFileType = sourcecode.swift; path = AppDelegate.swift; sourceTree = "<group>"; };
		6917E0561C8D10190071D2B6 /* LoginViewController.swift */ = {isa = PBXFileReference; lastKnownFileType = sourcecode.swift; path = LoginViewController.swift; sourceTree = "<group>"; };
		6917E0591C8D10190071D2B6 /* Base */ = {isa = PBXFileReference; lastKnownFileType = file.storyboard; name = Base; path = Base.lproj/Main.storyboard; sourceTree = "<group>"; };
		6917E05B1C8D10190071D2B6 /* Assets.xcassets */ = {isa = PBXFileReference; lastKnownFileType = folder.assetcatalog; path = Assets.xcassets; sourceTree = "<group>"; };
		6917E05E1C8D10190071D2B6 /* Base */ = {isa = PBXFileReference; lastKnownFileType = file.storyboard; name = Base; path = Base.lproj/LaunchScreen.storyboard; sourceTree = "<group>"; };
		6917E0601C8D10190071D2B6 /* Info.plist */ = {isa = PBXFileReference; lastKnownFileType = text.plist.xml; path = Info.plist; sourceTree = "<group>"; };
		6917E0741C8D21290071D2B6 /* FBSDKCoreKit.framework */ = {isa = PBXFileReference; lastKnownFileType = wrapper.framework; path = FBSDKCoreKit.framework; sourceTree = "<group>"; };
		6917E0751C8D21290071D2B6 /* FBSDKLoginKit.framework */ = {isa = PBXFileReference; lastKnownFileType = wrapper.framework; path = FBSDKLoginKit.framework; sourceTree = "<group>"; };
		6917E0761C8D21290071D2B6 /* FBSDKShareKit.framework */ = {isa = PBXFileReference; lastKnownFileType = wrapper.framework; path = FBSDKShareKit.framework; sourceTree = "<group>"; };
		693A37671C8D28490079BDB2 /* Favor-Bridging-Header.h */ = {isa = PBXFileReference; lastKnownFileType = sourcecode.c.h; path = "Favor-Bridging-Header.h"; sourceTree = SOURCE_ROOT; };
		697316591C925B6800F33EFE /* CreateFavorViewController.swift */ = {isa = PBXFileReference; fileEncoding = 4; lastKnownFileType = sourcecode.swift; path = CreateFavorViewController.swift; sourceTree = "<group>"; };
		699A58E71CBF1DE000D2F514 /* MyOpenFavorsViewController.swift */ = {isa = PBXFileReference; fileEncoding = 4; lastKnownFileType = sourcecode.swift; path = MyOpenFavorsViewController.swift; sourceTree = "<group>"; };
		69AEB9521C8FAA5A00473B32 /* DashboardViewController.swift */ = {isa = PBXFileReference; fileEncoding = 4; lastKnownFileType = sourcecode.swift; path = DashboardViewController.swift; sourceTree = "<group>"; };
		69E435B11CC053E300467635 /* Favor.swift */ = {isa = PBXFileReference; fileEncoding = 4; lastKnownFileType = sourcecode.swift; path = Favor.swift; sourceTree = "<group>"; };
		69E435B51CC1A8D900467635 /* browseTabBarIconImage.png */ = {isa = PBXFileReference; lastKnownFileType = image.png; path = browseTabBarIconImage.png; sourceTree = "<group>"; };
		69E435B71CC1A98900467635 /* myOpenFavorsTabBarIconImage.png */ = {isa = PBXFileReference; lastKnownFileType = image.png; path = myOpenFavorsTabBarIconImage.png; sourceTree = "<group>"; };
		69E435B91CC1AA8F00467635 /* myRequestedFavorsTabBarIconImage.png */ = {isa = PBXFileReference; lastKnownFileType = image.png; path = myRequestedFavorsTabBarIconImage.png; sourceTree = "<group>"; };
		69E435BC1CC1ACA100467635 /* myAcceptedFavorsTabBarIconImage.png */ = {isa = PBXFileReference; lastKnownFileType = image.png; path = myAcceptedFavorsTabBarIconImage.png; sourceTree = "<group>"; };
		CC42EBDD02F54915D305CD62 /* Pods-Favor.debug.xcconfig */ = {isa = PBXFileReference; includeInIndex = 1; lastKnownFileType = text.xcconfig; name = "Pods-Favor.debug.xcconfig"; path = "Pods/Target Support Files/Pods-Favor/Pods-Favor.debug.xcconfig"; sourceTree = "<group>"; };
		F844684EB1203DEDF934E2BC /* Pods_Favor.framework */ = {isa = PBXFileReference; explicitFileType = wrapper.framework; includeInIndex = 0; path = Pods_Favor.framework; sourceTree = BUILT_PRODUCTS_DIR; };
/* End PBXFileReference section */

/* Begin PBXFrameworksBuildPhase section */
		6917E04E1C8D10190071D2B6 /* Frameworks */ = {
			isa = PBXFrameworksBuildPhase;
			buildActionMask = 2147483647;
			files = (
				6917E0781C8D21290071D2B6 /* FBSDKLoginKit.framework in Frameworks */,
				6917E0771C8D21290071D2B6 /* FBSDKCoreKit.framework in Frameworks */,
				6917E0791C8D21290071D2B6 /* FBSDKShareKit.framework in Frameworks */,
				CEF9C0A8D66B792EC10807DC /* Pods_Favor.framework in Frameworks */,
			);
			runOnlyForDeploymentPostprocessing = 0;
		};
/* End PBXFrameworksBuildPhase section */

/* Begin PBXGroup section */
		6917E0481C8D10190071D2B6 = {
			isa = PBXGroup;
			children = (
				6917E07A1C8D213B0071D2B6 /* Facebook Frameworks */,
				6917E0531C8D10190071D2B6 /* Favor */,
				6917E0521C8D10190071D2B6 /* Products */,
				9B2D0BFFC7E8AB67C3A38C9A /* Pods */,
				8F7550DFB08268F9EF0D1896 /* Frameworks */,
			);
			sourceTree = "<group>";
		};
		6917E0521C8D10190071D2B6 /* Products */ = {
			isa = PBXGroup;
			children = (
				6917E0511C8D10190071D2B6 /* Favor.app */,
			);
			name = Products;
			sourceTree = "<group>";
		};
		6917E0531C8D10190071D2B6 /* Favor */ = {
			isa = PBXGroup;
			children = (
				69E435B01CC053CF00467635 /* Models */,
				693A37671C8D28490079BDB2 /* Favor-Bridging-Header.h */,
				6917E0541C8D10190071D2B6 /* AppDelegate.swift */,
				6917E0561C8D10190071D2B6 /* LoginViewController.swift */,
				6917E0581C8D10190071D2B6 /* Main.storyboard */,
				697316591C925B6800F33EFE /* CreateFavorViewController.swift */,
				69AEB9521C8FAA5A00473B32 /* DashboardViewController.swift */,
				699A58E71CBF1DE000D2F514 /* MyOpenFavorsViewController.swift */,
				6917E05B1C8D10190071D2B6 /* Assets.xcassets */,
				69E435BC1CC1ACA100467635 /* myAcceptedFavorsTabBarIconImage.png */,
				69E435B91CC1AA8F00467635 /* myRequestedFavorsTabBarIconImage.png */,
				69E435B71CC1A98900467635 /* myOpenFavorsTabBarIconImage.png */,
				69E435B51CC1A8D900467635 /* browseTabBarIconImage.png */,
				6917E05D1C8D10190071D2B6 /* LaunchScreen.storyboard */,
				6917E0601C8D10190071D2B6 /* Info.plist */,
			);
			path = Favor;
			sourceTree = "<group>";
		};
		6917E07A1C8D213B0071D2B6 /* Facebook Frameworks */ = {
			isa = PBXGroup;
			children = (
				6917E0741C8D21290071D2B6 /* FBSDKCoreKit.framework */,
				6917E0751C8D21290071D2B6 /* FBSDKLoginKit.framework */,
				6917E0761C8D21290071D2B6 /* FBSDKShareKit.framework */,
			);
			name = "Facebook Frameworks";
			sourceTree = "<group>";
		};
		69E435B01CC053CF00467635 /* Models */ = {
			isa = PBXGroup;
			children = (
				69E435B11CC053E300467635 /* Favor.swift */,
			);
			name = Models;
			sourceTree = "<group>";
		};
		8F7550DFB08268F9EF0D1896 /* Frameworks */ = {
			isa = PBXGroup;
			children = (
				F844684EB1203DEDF934E2BC /* Pods_Favor.framework */,
			);
			name = Frameworks;
			sourceTree = "<group>";
		};
		9B2D0BFFC7E8AB67C3A38C9A /* Pods */ = {
			isa = PBXGroup;
			children = (
				CC42EBDD02F54915D305CD62 /* Pods-Favor.debug.xcconfig */,
				30A2E65CF968B948F9B68705 /* Pods-Favor.release.xcconfig */,
			);
			name = Pods;
			sourceTree = "<group>";
		};
/* End PBXGroup section */

/* Begin PBXNativeTarget section */
		6917E0501C8D10190071D2B6 /* Favor */ = {
			isa = PBXNativeTarget;
			buildConfigurationList = 6917E0631C8D10190071D2B6 /* Build configuration list for PBXNativeTarget "Favor" */;
			buildPhases = (
				EEAE04C445B18F3FE93EBBD9 /* Check Pods Manifest.lock */,
				6917E04D1C8D10190071D2B6 /* Sources */,
				6917E04E1C8D10190071D2B6 /* Frameworks */,
				6917E04F1C8D10190071D2B6 /* Resources */,
				90BF73AF1FA53BB8A3B150D9 /* Embed Pods Frameworks */,
				D4C1406D253D0171A25C83D1 /* Copy Pods Resources */,
			);
			buildRules = (
			);
			dependencies = (
			);
			name = Favor;
			productName = Favor;
			productReference = 6917E0511C8D10190071D2B6 /* Favor.app */;
			productType = "com.apple.product-type.application";
		};
/* End PBXNativeTarget section */

/* Begin PBXProject section */
		6917E0491C8D10190071D2B6 /* Project object */ = {
			isa = PBXProject;
			attributes = {
				LastSwiftUpdateCheck = 0720;
				LastUpgradeCheck = 0720;
				ORGANIZATIONNAME = "Gonimah, Mayada";
				TargetAttributes = {
					6917E0501C8D10190071D2B6 = {
						CreatedOnToolsVersion = 7.2;
						DevelopmentTeam = H299TV47HF;
					};
				};
			};
			buildConfigurationList = 6917E04C1C8D10190071D2B6 /* Build configuration list for PBXProject "Favor" */;
			compatibilityVersion = "Xcode 3.2";
			developmentRegion = English;
			hasScannedForEncodings = 0;
			knownRegions = (
				en,
				Base,
			);
			mainGroup = 6917E0481C8D10190071D2B6;
			productRefGroup = 6917E0521C8D10190071D2B6 /* Products */;
			projectDirPath = "";
			projectRoot = "";
			targets = (
				6917E0501C8D10190071D2B6 /* Favor */,
			);
		};
/* End PBXProject section */

/* Begin PBXResourcesBuildPhase section */
		6917E04F1C8D10190071D2B6 /* Resources */ = {
			isa = PBXResourcesBuildPhase;
			buildActionMask = 2147483647;
			files = (
				69E435BA1CC1AA8F00467635 /* myRequestedFavorsTabBarIconImage.png in Resources */,
				69E435B61CC1A8D900467635 /* browseTabBarIconImage.png in Resources */,
				69E435C11CC1ACA100467635 /* myAcceptedFavorsTabBarIconImage.png in Resources */,
				6917E05F1C8D10190071D2B6 /* LaunchScreen.storyboard in Resources */,
				6917E05C1C8D10190071D2B6 /* Assets.xcassets in Resources */,
				69E435B81CC1A98900467635 /* myOpenFavorsTabBarIconImage.png in Resources */,
				6917E05A1C8D10190071D2B6 /* Main.storyboard in Resources */,
			);
			runOnlyForDeploymentPostprocessing = 0;
		};
/* End PBXResourcesBuildPhase section */

/* Begin PBXShellScriptBuildPhase section */
		90BF73AF1FA53BB8A3B150D9 /* Embed Pods Frameworks */ = {
			isa = PBXShellScriptBuildPhase;
			buildActionMask = 2147483647;
			files = (
			);
			inputPaths = (
			);
			name = "Embed Pods Frameworks";
			outputPaths = (
			);
			runOnlyForDeploymentPostprocessing = 0;
			shellPath = /bin/sh;
			shellScript = "\"${SRCROOT}/Pods/Target Support Files/Pods-Favor/Pods-Favor-frameworks.sh\"\n";
			showEnvVarsInLog = 0;
		};
		D4C1406D253D0171A25C83D1 /* Copy Pods Resources */ = {
			isa = PBXShellScriptBuildPhase;
			buildActionMask = 2147483647;
			files = (
			);
			inputPaths = (
			);
			name = "Copy Pods Resources";
			outputPaths = (
			);
			runOnlyForDeploymentPostprocessing = 0;
			shellPath = /bin/sh;
			shellScript = "\"${SRCROOT}/Pods/Target Support Files/Pods-Favor/Pods-Favor-resources.sh\"\n";
			showEnvVarsInLog = 0;
		};
		EEAE04C445B18F3FE93EBBD9 /* Check Pods Manifest.lock */ = {
			isa = PBXShellScriptBuildPhase;
			buildActionMask = 2147483647;
			files = (
			);
			inputPaths = (
			);
			name = "Check Pods Manifest.lock";
			outputPaths = (
			);
			runOnlyForDeploymentPostprocessing = 0;
			shellPath = /bin/sh;
			shellScript = "diff \"${PODS_ROOT}/../Podfile.lock\" \"${PODS_ROOT}/Manifest.lock\" > /dev/null\nif [[ $? != 0 ]] ; then\n    cat << EOM\nerror: The sandbox is not in sync with the Podfile.lock. Run 'pod install' or update your CocoaPods installation.\nEOM\n    exit 1\nfi\n";
			showEnvVarsInLog = 0;
		};
/* End PBXShellScriptBuildPhase section */

/* Begin PBXSourcesBuildPhase section */
		6917E04D1C8D10190071D2B6 /* Sources */ = {
			isa = PBXSourcesBuildPhase;
			buildActionMask = 2147483647;
			files = (
				6917E0571C8D10190071D2B6 /* LoginViewController.swift in Sources */,
				69AEB9531C8FAA5A00473B32 /* DashboardViewController.swift in Sources */,
				6973165A1C925B6800F33EFE /* CreateFavorViewController.swift in Sources */,
				699A58E81CBF1DE000D2F514 /* MyOpenFavorsViewController.swift in Sources */,
				69E435B21CC053E300467635 /* Favor.swift in Sources */,
				6917E0551C8D10190071D2B6 /* AppDelegate.swift in Sources */,
			);
			runOnlyForDeploymentPostprocessing = 0;
		};
/* End PBXSourcesBuildPhase section */

/* Begin PBXVariantGroup section */
		6917E0581C8D10190071D2B6 /* Main.storyboard */ = {
			isa = PBXVariantGroup;
			children = (
				6917E0591C8D10190071D2B6 /* Base */,
			);
			name = Main.storyboard;
			sourceTree = "<group>";
		};
		6917E05D1C8D10190071D2B6 /* LaunchScreen.storyboard */ = {
			isa = PBXVariantGroup;
			children = (
				6917E05E1C8D10190071D2B6 /* Base */,
			);
			name = LaunchScreen.storyboard;
			sourceTree = "<group>";
		};
/* End PBXVariantGroup section */

/* Begin XCBuildConfiguration section */
		6917E0611C8D10190071D2B6 /* Debug */ = {
			isa = XCBuildConfiguration;
			buildSettings = {
				ALWAYS_SEARCH_USER_PATHS = NO;
				CLANG_CXX_LANGUAGE_STANDARD = "gnu++0x";
				CLANG_CXX_LIBRARY = "libc++";
				CLANG_ENABLE_MODULES = YES;
				CLANG_ENABLE_OBJC_ARC = YES;
				CLANG_WARN_BOOL_CONVERSION = YES;
				CLANG_WARN_CONSTANT_CONVERSION = YES;
				CLANG_WARN_DIRECT_OBJC_ISA_USAGE = YES_ERROR;
				CLANG_WARN_EMPTY_BODY = YES;
				CLANG_WARN_ENUM_CONVERSION = YES;
				CLANG_WARN_INT_CONVERSION = YES;
				CLANG_WARN_OBJC_ROOT_CLASS = YES_ERROR;
				CLANG_WARN_UNREACHABLE_CODE = YES;
				CLANG_WARN__DUPLICATE_METHOD_MATCH = YES;
				"CODE_SIGN_IDENTITY[sdk=iphoneos*]" = "iPhone Developer";
				COPY_PHASE_STRIP = NO;
				DEBUG_INFORMATION_FORMAT = dwarf;
				ENABLE_STRICT_OBJC_MSGSEND = YES;
				ENABLE_TESTABILITY = YES;
				GCC_C_LANGUAGE_STANDARD = gnu99;
				GCC_DYNAMIC_NO_PIC = NO;
				GCC_NO_COMMON_BLOCKS = YES;
				GCC_OPTIMIZATION_LEVEL = 0;
				GCC_PREPROCESSOR_DEFINITIONS = (
					"DEBUG=1",
					"$(inherited)",
				);
				GCC_WARN_64_TO_32_BIT_CONVERSION = YES;
				GCC_WARN_ABOUT_RETURN_TYPE = YES_ERROR;
				GCC_WARN_UNDECLARED_SELECTOR = YES;
				GCC_WARN_UNINITIALIZED_AUTOS = YES_AGGRESSIVE;
				GCC_WARN_UNUSED_FUNCTION = YES;
				GCC_WARN_UNUSED_VARIABLE = YES;
				IPHONEOS_DEPLOYMENT_TARGET = 9.2;
				MTL_ENABLE_DEBUG_INFO = YES;
				ONLY_ACTIVE_ARCH = YES;
				SDKROOT = iphoneos;
				SWIFT_OPTIMIZATION_LEVEL = "-Onone";
				TARGETED_DEVICE_FAMILY = "1,2";
			};
			name = Debug;
		};
		6917E0621C8D10190071D2B6 /* Release */ = {
			isa = XCBuildConfiguration;
			buildSettings = {
				ALWAYS_SEARCH_USER_PATHS = NO;
				CLANG_CXX_LANGUAGE_STANDARD = "gnu++0x";
				CLANG_CXX_LIBRARY = "libc++";
				CLANG_ENABLE_MODULES = YES;
				CLANG_ENABLE_OBJC_ARC = YES;
				CLANG_WARN_BOOL_CONVERSION = YES;
				CLANG_WARN_CONSTANT_CONVERSION = YES;
				CLANG_WARN_DIRECT_OBJC_ISA_USAGE = YES_ERROR;
				CLANG_WARN_EMPTY_BODY = YES;
				CLANG_WARN_ENUM_CONVERSION = YES;
				CLANG_WARN_INT_CONVERSION = YES;
				CLANG_WARN_OBJC_ROOT_CLASS = YES_ERROR;
				CLANG_WARN_UNREACHABLE_CODE = YES;
				CLANG_WARN__DUPLICATE_METHOD_MATCH = YES;
				"CODE_SIGN_IDENTITY[sdk=iphoneos*]" = "iPhone Developer";
				COPY_PHASE_STRIP = NO;
				DEBUG_INFORMATION_FORMAT = "dwarf-with-dsym";
				ENABLE_NS_ASSERTIONS = NO;
				ENABLE_STRICT_OBJC_MSGSEND = YES;
				GCC_C_LANGUAGE_STANDARD = gnu99;
				GCC_NO_COMMON_BLOCKS = YES;
				GCC_WARN_64_TO_32_BIT_CONVERSION = YES;
				GCC_WARN_ABOUT_RETURN_TYPE = YES_ERROR;
				GCC_WARN_UNDECLARED_SELECTOR = YES;
				GCC_WARN_UNINITIALIZED_AUTOS = YES_AGGRESSIVE;
				GCC_WARN_UNUSED_FUNCTION = YES;
				GCC_WARN_UNUSED_VARIABLE = YES;
				IPHONEOS_DEPLOYMENT_TARGET = 9.2;
				MTL_ENABLE_DEBUG_INFO = NO;
				SDKROOT = iphoneos;
				TARGETED_DEVICE_FAMILY = "1,2";
				VALIDATE_PRODUCT = YES;
			};
			name = Release;
		};
		6917E0641C8D10190071D2B6 /* Debug */ = {
			isa = XCBuildConfiguration;
			baseConfigurationReference = CC42EBDD02F54915D305CD62 /* Pods-Favor.debug.xcconfig */;
			buildSettings = {
				ASSETCATALOG_COMPILER_APPICON_NAME = AppIcon;
				CLANG_ENABLE_MODULES = YES;
				FRAMEWORK_SEARCH_PATHS = (
					"$(inherited)",
					"$(PROJECT_DIR)",
				);
				INFOPLIST_FILE = Favor/Info.plist;
				IPHONEOS_DEPLOYMENT_TARGET = 9.2;
				LD_RUNPATH_SEARCH_PATHS = "$(inherited) @executable_path/Frameworks";
				PRODUCT_BUNDLE_IDENTIFIER = com.gonimah.Favor;
				PRODUCT_NAME = "$(TARGET_NAME)";
				SWIFT_OBJC_BRIDGING_HEADER = "Favor-Bridging-Header.h";
				SWIFT_OPTIMIZATION_LEVEL = "-Onone";
			};
			name = Debug;
		};
		6917E0651C8D10190071D2B6 /* Release */ = {
			isa = XCBuildConfiguration;
			baseConfigurationReference = 30A2E65CF968B948F9B68705 /* Pods-Favor.release.xcconfig */;
			buildSettings = {
				ASSETCATALOG_COMPILER_APPICON_NAME = AppIcon;
				CLANG_ENABLE_MODULES = YES;
				FRAMEWORK_SEARCH_PATHS = (
					"$(inherited)",
					"$(PROJECT_DIR)",
				);
				INFOPLIST_FILE = Favor/Info.plist;
				IPHONEOS_DEPLOYMENT_TARGET = 9.2;
				LD_RUNPATH_SEARCH_PATHS = "$(inherited) @executable_path/Frameworks";
				PRODUCT_BUNDLE_IDENTIFIER = com.gonimah.Favor;
				PRODUCT_NAME = "$(TARGET_NAME)";
				SWIFT_OBJC_BRIDGING_HEADER = "Favor-Bridging-Header.h";
			};
			name = Release;
		};
/* End XCBuildConfiguration section */

/* Begin XCConfigurationList section */
		6917E04C1C8D10190071D2B6 /* Build configuration list for PBXProject "Favor" */ = {
			isa = XCConfigurationList;
			buildConfigurations = (
				6917E0611C8D10190071D2B6 /* Debug */,
				6917E0621C8D10190071D2B6 /* Release */,
			);
			defaultConfigurationIsVisible = 0;
			defaultConfigurationName = Release;
		};
		6917E0631C8D10190071D2B6 /* Build configuration list for PBXNativeTarget "Favor" */ = {
			isa = XCConfigurationList;
			buildConfigurations = (
				6917E0641C8D10190071D2B6 /* Debug */,
				6917E0651C8D10190071D2B6 /* Release */,
			);
			defaultConfigurationIsVisible = 0;
			defaultConfigurationName = Release;
		};
/* End XCConfigurationList section */
	};
	rootObject = 6917E0491C8D10190071D2B6 /* Project object */;
}
